
Microsoft Visual Studio Solution File, Format Version 12.00
# Visual Studio Version 16
VisualStudioVersion = 16.0.31321.278
MinimumVisualStudioVersion = 10.0.40219.1
Project("{9A19103F-16F7-4668-BE54-9A1E7A4F7556}") = "WpfCommands", "WpfCommands.csproj", "{411E637C-1AB3-46E3-AB02-87FB19CA0E28}"
EndProject
Project("{2150E333-8FDC-42A3-9474-1A3956D46DE8}") = "Solution Items", "Solution Items", "{76F77F97-E01A-448A-8B54-81ACA125F12B}"
	ProjectSection(SolutionItems) = preProject
		.editorconfig = .editorconfig
	EndProjectSection
EndProject
Global
	GlobalSection(SolutionConfigurationPlatforms) = preSolution
		Debug|Any CPU = Debug|Any CPU
		Release|Any CPU = Release|Any CPU
	EndGlobalSection
	GlobalSection(ProjectConfigurationPlatforms) = postSolution
		{411E637C-1AB3-46E3-AB02-87FB19CA0E28}.Debug|Any CPU.ActiveCfg = Debug|Any CPU
		{411E637C-1AB3-46E3-AB02-87FB19CA0E28}.Debug|Any CPU.Build.0 = Debug|Any CPU
		{411E637C-1AB3-46E3-AB02-87FB19CA0E28}.Release|Any CPU.ActiveCfg = Release|Any CPU
		{411E637C-1AB3-46E3-AB02-87FB19CA0E28}.Release|Any CPU.Build.0 = Release|Any CPU
	EndGlobalSection
	GlobalSection(SolutionProperties) = preSolution
		HideSolutionNode = FALSE
	EndGlobalSection
	GlobalSection(ExtensibilityGlobals) = postSolution
		SolutionGuid = {22DD8F02-FE34-4003-930D-BC9FC8054B79}
	EndGlobalSection
EndGlobal
